
Microsoft Visual Studio Solution File, Format Version 12.00
# Visual Studio Version 17
VisualStudioVersion = 17.11.35327.3
MinimumVisualStudioVersion = 10.0.40219.1
Project("{FAE04EC0-301F-11D3-BF4B-00C04F79EFBC}") = "ConsoleApp21", "ConsoleApp21\ConsoleApp21.csproj", "{362FF823-B86A-4070-B356-483A6B3DADE8}"
EndProject
Global
	GlobalSection(SolutionConfigurationPlatforms) = preSolution
		Debug|Any CPU = Debug|Any CPU
		Release|Any CPU = Release|Any CPU
	EndGlobalSection
	GlobalSection(ProjectConfigurationPlatforms) = postSolution
		{362FF823-B86A-4070-B356-483A6B3DADE8}.Debug|Any CPU.ActiveCfg = Debug|Any CPU
		{362FF823-B86A-4070-B356-483A6B3DADE8}.Debug|Any CPU.Build.0 = Debug|Any CPU
		{362FF823-B86A-4070-B356-483A6B3DADE8}.Release|Any CPU.ActiveCfg = Release|Any CPU
		{362FF823-B86A-4070-B356-483A6B3DADE8}.Release|Any CPU.Build.0 = Release|Any CPU
	EndGlobalSection
	GlobalSection(SolutionProperties) = preSolution
		HideSolutionNode = FALSE
	EndGlobalSection
	GlobalSection(ExtensibilityGlobals) = postSolution
		SolutionGuid = {0BD8C2AD-2066-4C89-B580-E3789253F200}
	EndGlobalSection
EndGlobal
